
Microsoft Visual Studio Solution File, Format Version 12.00
# Visual Studio 15
VisualStudioVersion = 15.0.27428.2005
MinimumVisualStudioVersion = 10.0.40219.1
Project("{FAE04EC0-301F-11D3-BF4B-00C04F79EFBC}") = "DeleteFromAList.Android", "DeleteFromAList\DeleteFromAList.Android\DeleteFromAList.Android.csproj", "{52715D30-2A7C-4455-8E1E-8FFE8A0C03BB}"
EndProject
Project("{FAE04EC0-301F-11D3-BF4B-00C04F79EFBC}") = "DeleteFromAList.iOS", "DeleteFromAList\DeleteFromAList.iOS\DeleteFromAList.iOS.csproj", "{38BD0A30-E26C-431F-BA49-46A55E85C59E}"
EndProject
Project("{FAE04EC0-301F-11D3-BF4B-00C04F79EFBC}") = "DeleteFromAList.UWP", "DeleteFromAList\DeleteFromAList.UWP\DeleteFromAList.UWP.csproj", "{73CC52B4-7A23-4A07-8BEA-55FE0C3BBB95}"
EndProject
Project("{FAE04EC0-301F-11D3-BF4B-00C04F79EFBC}") = "DeleteFromAList", "DeleteFromAList\DeleteFromAList\DeleteFromAList.csproj", "{62FED93C-4B56-449D-AE6E-872F0DCC4244}"
EndProject
Global
	GlobalSection(SolutionConfigurationPlatforms) = preSolution
		Ad-Hoc|Any CPU = Ad-Hoc|Any CPU
		Ad-Hoc|ARM = Ad-Hoc|ARM
		Ad-Hoc|iPhone = Ad-Hoc|iPhone
		Ad-Hoc|iPhoneSimulator = Ad-Hoc|iPhoneSimulator
		Ad-Hoc|x64 = Ad-Hoc|x64
		Ad-Hoc|x86 = Ad-Hoc|x86
		AppStore|Any CPU = AppStore|Any CPU
		AppStore|ARM = AppStore|ARM
		AppStore|iPhone = AppStore|iPhone
		AppStore|iPhoneSimulator = AppStore|iPhoneSimulator
		AppStore|x64 = AppStore|x64
		AppStore|x86 = AppStore|x86
		Debug|Any CPU = Debug|Any CPU
		Debug|ARM = Debug|ARM
		Debug|iPhone = Debug|iPhone
		Debug|iPhoneSimulator = Debug|iPhoneSimulator
		Debug|x64 = Debug|x64
		Debug|x86 = Debug|x86
		Release|Any CPU = Release|Any CPU
		Release|ARM = Release|ARM
		Release|iPhone = Release|iPhone
		Release|iPhoneSimulator = Release|iPhoneSimulator
		Release|x64 = Release|x64
		Release|x86 = Release|x86
	EndGlobalSection
	GlobalSection(ProjectConfigurationPlatforms) = postSolution
		{52715D30-2A7C-4455-8E1E-8FFE8A0C03BB}.Ad-Hoc|Any CPU.ActiveCfg = Release|Any CPU
		{52715D30-2A7C-4455-8E1E-8FFE8A0C03BB}.Ad-Hoc|Any CPU.Build.0 = Release|Any CPU
		{52715D30-2A7C-4455-8E1E-8FFE8A0C03BB}.Ad-Hoc|Any CPU.Deploy.0 = Release|Any CPU
		{52715D30-2A7C-4455-8E1E-8FFE8A0C03BB}.Ad-Hoc|ARM.ActiveCfg = Release|Any CPU
		{52715D30-2A7C-4455-8E1E-8FFE8A0C03BB}.Ad-Hoc|ARM.Build.0 = Release|Any CPU
		{52715D30-2A7C-4455-8E1E-8FFE8A0C03BB}.Ad-Hoc|ARM.Deploy.0 = Release|Any CPU
		{52715D30-2A7C-4455-8E1E-8FFE8A0C03BB}.Ad-Hoc|iPhone.ActiveCfg = Release|Any CPU
		{52715D30-2A7C-4455-8E1E-8FFE8A0C03BB}.Ad-Hoc|iPhone.Build.0 = Release|Any CPU
		{52715D30-2A7C-4455-8E1E-8FFE8A0C03BB}.Ad-Hoc|iPhone.Deploy.0 = Release|Any CPU
		{52715D30-2A7C-4455-8E1E-8FFE8A0C03BB}.Ad-Hoc|iPhoneSimulator.ActiveCfg = Release|Any CPU
		{52715D30-2A7C-4455-8E1E-8FFE8A0C03BB}.Ad-Hoc|iPhoneSimulator.Build.0 = Release|Any CPU
		{52715D30-2A7C-4455-8E1E-8FFE8A0C03BB}.Ad-Hoc|iPhoneSimulator.Deploy.0 = Release|Any CPU
		{52715D30-2A7C-4455-8E1E-8FFE8A0C03BB}.Ad-Hoc|x64.ActiveCfg = Release|Any CPU
		{52715D30-2A7C-4455-8E1E-8FFE8A0C03BB}.Ad-Hoc|x64.Build.0 = Release|Any CPU
		{52715D30-2A7C-4455-8E1E-8FFE8A0C03BB}.Ad-Hoc|x64.Deploy.0 = Release|Any CPU
		{52715D30-2A7C-4455-8E1E-8FFE8A0C03BB}.Ad-Hoc|x86.ActiveCfg = Release|Any CPU
		{52715D30-2A7C-4455-8E1E-8FFE8A0C03BB}.Ad-Hoc|x86.Build.0 = Release|Any CPU
		{52715D30-2A7C-4455-8E1E-8FFE8A0C03BB}.Ad-Hoc|x86.Deploy.0 = Release|Any CPU
		{52715D30-2A7C-4455-8E1E-8FFE8A0C03BB}.AppStore|Any CPU.ActiveCfg = Release|Any CPU
		{52715D30-2A7C-4455-8E1E-8FFE8A0C03BB}.AppStore|Any CPU.Build.0 = Release|Any CPU
		{52715D30-2A7C-4455-8E1E-8FFE8A0C03BB}.AppStore|Any CPU.Deploy.0 = Release|Any CPU
		{52715D30-2A7C-4455-8E1E-8FFE8A0C03BB}.AppStore|ARM.ActiveCfg = Release|Any CPU
		{52715D30-2A7C-4455-8E1E-8FFE8A0C03BB}.AppStore|ARM.Build.0 = Release|Any CPU
		{52715D30-2A7C-4455-8E1E-8FFE8A0C03BB}.AppStore|ARM.Deploy.0 = Release|Any CPU
		{52715D30-2A7C-4455-8E1E-8FFE8A0C03BB}.AppStore|iPhone.ActiveCfg = Release|Any CPU
		{52715D30-2A7C-4455-8E1E-8FFE8A0C03BB}.AppStore|iPhone.Build.0 = Release|Any CPU
		{52715D30-2A7C-4455-8E1E-8FFE8A0C03BB}.AppStore|iPhone.Deploy.0 = Release|Any CPU
		{52715D30-2A7C-4455-8E1E-8FFE8A0C03BB}.AppStore|iPhoneSimulator.ActiveCfg = Release|Any CPU
		{52715D30-2A7C-4455-8E1E-8FFE8A0C03BB}.AppStore|iPhoneSimulator.Build.0 = Release|Any CPU
		{52715D30-2A7C-4455-8E1E-8FFE8A0C03BB}.AppStore|iPhoneSimulator.Deploy.0 = Release|Any CPU
		{52715D30-2A7C-4455-8E1E-8FFE8A0C03BB}.AppStore|x64.ActiveCfg = Release|Any CPU
		{52715D30-2A7C-4455-8E1E-8FFE8A0C03BB}.AppStore|x64.Build.0 = Release|Any CPU
		{52715D30-2A7C-4455-8E1E-8FFE8A0C03BB}.AppStore|x64.Deploy.0 = Release|Any CPU
		{52715D30-2A7C-4455-8E1E-8FFE8A0C03BB}.AppStore|x86.ActiveCfg = Release|Any CPU
		{52715D30-2A7C-4455-8E1E-8FFE8A0C03BB}.AppStore|x86.Build.0 = Release|Any CPU
		{52715D30-2A7C-4455-8E1E-8FFE8A0C03BB}.AppStore|x86.Deploy.0 = Release|Any CPU
		{52715D30-2A7C-4455-8E1E-8FFE8A0C03BB}.Debug|Any CPU.ActiveCfg = Debug|Any CPU
		{52715D30-2A7C-4455-8E1E-8FFE8A0C03BB}.Debug|Any CPU.Build.0 = Debug|Any CPU
		{52715D30-2A7C-4455-8E1E-8FFE8A0C03BB}.Debug|Any CPU.Deploy.0 = Debug|Any CPU
		{52715D30-2A7C-4455-8E1E-8FFE8A0C03BB}.Debug|ARM.ActiveCfg = Debug|Any CPU
		{52715D30-2A7C-4455-8E1E-8FFE8A0C03BB}.Debug|ARM.Build.0 = Debug|Any CPU
		{52715D30-2A7C-4455-8E1E-8FFE8A0C03BB}.Debug|ARM.Deploy.0 = Debug|Any CPU
		{52715D30-2A7C-4455-8E1E-8FFE8A0C03BB}.Debug|iPhone.ActiveCfg = Debug|Any CPU
		{52715D30-2A7C-4455-8E1E-8FFE8A0C03BB}.Debug|iPhone.Build.0 = Debug|Any CPU
		{52715D30-2A7C-4455-8E1E-8FFE8A0C03BB}.Debug|iPhone.Deploy.0 = Debug|Any CPU
		{52715D30-2A7C-4455-8E1E-8FFE8A0C03BB}.Debug|iPhoneSimulator.ActiveCfg = Debug|Any CPU
		{52715D30-2A7C-4455-8E1E-8FFE8A0C03BB}.Debug|iPhoneSimulator.Build.0 = Debug|Any CPU
		{52715D30-2A7C-4455-8E1E-8FFE8A0C03BB}.Debug|iPhoneSimulator.Deploy.0 = Debug|Any CPU
		{52715D30-2A7C-4455-8E1E-8FFE8A0C03BB}.Debug|x64.ActiveCfg = Debug|Any CPU
		{52715D30-2A7C-4455-8E1E-8FFE8A0C03BB}.Debug|x64.Build.0 = Debug|Any CPU
		{52715D30-2A7C-4455-8E1E-8FFE8A0C03BB}.Debug|x64.Deploy.0 = Debug|Any CPU
		{52715D30-2A7C-4455-8E1E-8FFE8A0C03BB}.Debug|x86.ActiveCfg = Debug|Any CPU
		{52715D30-2A7C-4455-8E1E-8FFE8A0C03BB}.Debug|x86.Build.0 = Debug|Any CPU
		{52715D30-2A7C-4455-8E1E-8FFE8A0C03BB}.Debug|x86.Deploy.0 = Debug|Any CPU
		{52715D30-2A7C-4455-8E1E-8FFE8A0C03BB}.Release|Any CPU.ActiveCfg = Release|Any CPU
		{52715D30-2A7C-4455-8E1E-8FFE8A0C03BB}.Release|Any CPU.Build.0 = Release|Any CPU
		{52715D30-2A7C-4455-8E1E-8FFE8A0C03BB}.Release|Any CPU.Deploy.0 = Release|Any CPU
		{52715D30-2A7C-4455-8E1E-8FFE8A0C03BB}.Release|ARM.ActiveCfg = Release|Any CPU
		{52715D30-2A7C-4455-8E1E-8FFE8A0C03BB}.Release|ARM.Build.0 = Release|Any CPU
		{52715D30-2A7C-4455-8E1E-8FFE8A0C03BB}.Release|ARM.Deploy.0 = Release|Any CPU
		{52715D30-2A7C-4455-8E1E-8FFE8A0C03BB}.Release|iPhone.ActiveCfg = Release|Any CPU
		{52715D30-2A7C-4455-8E1E-8FFE8A0C03BB}.Release|iPhone.Build.0 = Release|Any CPU
		{52715D30-2A7C-4455-8E1E-8FFE8A0C03BB}.Release|iPhone.Deploy.0 = Release|Any CPU
		{52715D30-2A7C-4455-8E1E-8FFE8A0C03BB}.Release|iPhoneSimulator.ActiveCfg = Release|Any CPU
		{52715D30-2A7C-4455-8E1E-8FFE8A0C03BB}.Release|iPhoneSimulator.Build.0 = Release|Any CPU
		{52715D30-2A7C-4455-8E1E-8FFE8A0C03BB}.Release|iPhoneSimulator.Deploy.0 = Release|Any CPU
		{52715D30-2A7C-4455-8E1E-8FFE8A0C03BB}.Release|x64.ActiveCfg = Release|Any CPU
		{52715D30-2A7C-4455-8E1E-8FFE8A0C03BB}.Release|x64.Build.0 = Release|Any CPU
		{52715D30-2A7C-4455-8E1E-8FFE8A0C03BB}.Release|x64.Deploy.0 = Release|Any CPU
		{52715D30-2A7C-4455-8E1E-8FFE8A0C03BB}.Release|x86.ActiveCfg = Release|Any CPU
		{52715D30-2A7C-4455-8E1E-8FFE8A0C03BB}.Release|x86.Build.0 = Release|Any CPU
		{52715D30-2A7C-4455-8E1E-8FFE8A0C03BB}.Release|x86.Deploy.0 = Release|Any CPU
		{38BD0A30-E26C-431F-BA49-46A55E85C59E}.Ad-Hoc|Any CPU.ActiveCfg = Ad-Hoc|iPhone
		{38BD0A30-E26C-431F-BA49-46A55E85C59E}.Ad-Hoc|ARM.ActiveCfg = Ad-Hoc|iPhone
		{38BD0A30-E26C-431F-BA49-46A55E85C59E}.Ad-Hoc|iPhone.ActiveCfg = Ad-Hoc|iPhone
		{38BD0A30-E26C-431F-BA49-46A55E85C59E}.Ad-Hoc|iPhone.Build.0 = Ad-Hoc|iPhone
		{38BD0A30-E26C-431F-BA49-46A55E85C59E}.Ad-Hoc|iPhoneSimulator.ActiveCfg = Ad-Hoc|iPhoneSimulator
		{38BD0A30-E26C-431F-BA49-46A55E85C59E}.Ad-Hoc|iPhoneSimulator.Build.0 = Ad-Hoc|iPhoneSimulator
		{38BD0A30-E26C-431F-BA49-46A55E85C59E}.Ad-Hoc|x64.ActiveCfg = Ad-Hoc|iPhone
		{38BD0A30-E26C-431F-BA49-46A55E85C59E}.Ad-Hoc|x86.ActiveCfg = Ad-Hoc|iPhone
		{38BD0A30-E26C-431F-BA49-46A55E85C59E}.AppStore|Any CPU.ActiveCfg = AppStore|iPhone
		{38BD0A30-E26C-431F-BA49-46A55E85C59E}.AppStore|ARM.ActiveCfg = AppStore|iPhone
		{38BD0A30-E26C-431F-BA49-46A55E85C59E}.AppStore|iPhone.ActiveCfg = AppStore|iPhone
		{38BD0A30-E26C-431F-BA49-46A55E85C59E}.AppStore|iPhone.Build.0 = AppStore|iPhone
		{38BD0A30-E26C-431F-BA49-46A55E85C59E}.AppStore|iPhoneSimulator.ActiveCfg = AppStore|iPhoneSimulator
		{38BD0A30-E26C-431F-BA49-46A55E85C59E}.AppStore|iPhoneSimulator.Build.0 = AppStore|iPhoneSimulator
		{38BD0A30-E26C-431F-BA49-46A55E85C59E}.AppStore|x64.ActiveCfg = AppStore|iPhone
		{38BD0A30-E26C-431F-BA49-46A55E85C59E}.AppStore|x86.ActiveCfg = AppStore|iPhone
		{38BD0A30-E26C-431F-BA49-46A55E85C59E}.Debug|Any CPU.ActiveCfg = Debug|iPhone
		{38BD0A30-E26C-431F-BA49-46A55E85C59E}.Debug|ARM.ActiveCfg = Debug|iPhone
		{38BD0A30-E26C-431F-BA49-46A55E85C59E}.Debug|iPhone.ActiveCfg = Debug|iPhone
		{38BD0A30-E26C-431F-BA49-46A55E85C59E}.Debug|iPhone.Build.0 = Debug|iPhone
		{38BD0A30-E26C-431F-BA49-46A55E85C59E}.Debug|iPhoneSimulator.ActiveCfg = Debug|iPhoneSimulator
		{38BD0A30-E26C-431F-BA49-46A55E85C59E}.Debug|iPhoneSimulator.Build.0 = Debug|iPhoneSimulator
		{38BD0A30-E26C-431F-BA49-46A55E85C59E}.Debug|x64.ActiveCfg = Debug|iPhone
		{38BD0A30-E26C-431F-BA49-46A55E85C59E}.Debug|x86.ActiveCfg = Debug|iPhone
		{38BD0A30-E26C-431F-BA49-46A55E85C59E}.Release|Any CPU.ActiveCfg = Release|iPhone
		{38BD0A30-E26C-431F-BA49-46A55E85C59E}.Release|ARM.ActiveCfg = Release|iPhone
		{38BD0A30-E26C-431F-BA49-46A55E85C59E}.Release|iPhone.ActiveCfg = Release|iPhone
		{38BD0A30-E26C-431F-BA49-46A55E85C59E}.Release|iPhone.Build.0 = Release|iPhone
		{38BD0A30-E26C-431F-BA49-46A55E85C59E}.Release|iPhoneSimulator.ActiveCfg = Release|iPhoneSimulator
		{38BD0A30-E26C-431F-BA49-46A55E85C59E}.Release|iPhoneSimulator.Build.0 = Release|iPhoneSimulator
		{38BD0A30-E26C-431F-BA49-46A55E85C59E}.Release|x64.ActiveCfg = Release|iPhone
		{38BD0A30-E26C-431F-BA49-46A55E85C59E}.Release|x86.ActiveCfg = Release|iPhone
		{73CC52B4-7A23-4A07-8BEA-55FE0C3BBB95}.Ad-Hoc|Any CPU.ActiveCfg = Release|x86
		{73CC52B4-7A23-4A07-8BEA-55FE0C3BBB95}.Ad-Hoc|Any CPU.Build.0 = Release|x86
		{73CC52B4-7A23-4A07-8BEA-55FE0C3BBB95}.Ad-Hoc|Any CPU.Deploy.0 = Release|x86
		{73CC52B4-7A23-4A07-8BEA-55FE0C3BBB95}.Ad-Hoc|ARM.ActiveCfg = Release|ARM
		{73CC52B4-7A23-4A07-8BEA-55FE0C3BBB95}.Ad-Hoc|ARM.Build.0 = Release|ARM
		{73CC52B4-7A23-4A07-8BEA-55FE0C3BBB95}.Ad-Hoc|ARM.Deploy.0 = Release|ARM
		{73CC52B4-7A23-4A07-8BEA-55FE0C3BBB95}.Ad-Hoc|iPhone.ActiveCfg = Release|x86
		{73CC52B4-7A23-4A07-8BEA-55FE0C3BBB95}.Ad-Hoc|iPhone.Build.0 = Release|x86
		{73CC52B4-7A23-4A07-8BEA-55FE0C3BBB95}.Ad-Hoc|iPhone.Deploy.0 = Release|x86
		{73CC52B4-7A23-4A07-8BEA-55FE0C3BBB95}.Ad-Hoc|iPhoneSimulator.ActiveCfg = Release|x86
		{73CC52B4-7A23-4A07-8BEA-55FE0C3BBB95}.Ad-Hoc|iPhoneSimulator.Build.0 = Release|x86
		{73CC52B4-7A23-4A07-8BEA-55FE0C3BBB95}.Ad-Hoc|iPhoneSimulator.Deploy.0 = Release|x86
		{73CC52B4-7A23-4A07-8BEA-55FE0C3BBB95}.Ad-Hoc|x64.ActiveCfg = Release|x64
		{73CC52B4-7A23-4A07-8BEA-55FE0C3BBB95}.Ad-Hoc|x64.Build.0 = Release|x64
		{73CC52B4-7A23-4A07-8BEA-55FE0C3BBB95}.Ad-Hoc|x64.Deploy.0 = Release|x64
		{73CC52B4-7A23-4A07-8BEA-55FE0C3BBB95}.Ad-Hoc|x86.ActiveCfg = Release|x86
		{73CC52B4-7A23-4A07-8BEA-55FE0C3BBB95}.Ad-Hoc|x86.Build.0 = Release|x86
		{73CC52B4-7A23-4A07-8BEA-55FE0C3BBB95}.Ad-Hoc|x86.Deploy.0 = Release|x86
		{73CC52B4-7A23-4A07-8BEA-55FE0C3BBB95}.AppStore|Any CPU.ActiveCfg = Release|x86
		{73CC52B4-7A23-4A07-8BEA-55FE0C3BBB95}.AppStore|Any CPU.Build.0 = Release|x86
		{73CC52B4-7A23-4A07-8BEA-55FE0C3BBB95}.AppStore|Any CPU.Deploy.0 = Release|x86
		{73CC52B4-7A23-4A07-8BEA-55FE0C3BBB95}.AppStore|ARM.ActiveCfg = Release|ARM
		{73CC52B4-7A23-4A07-8BEA-55FE0C3BBB95}.AppStore|ARM.Build.0 = Release|ARM
		{73CC52B4-7A23-4A07-8BEA-55FE0C3BBB95}.AppStore|ARM.Deploy.0 = Release|ARM
		{73CC52B4-7A23-4A07-8BEA-55FE0C3BBB95}.AppStore|iPhone.ActiveCfg = Release|x86
		{73CC52B4-7A23-4A07-8BEA-55FE0C3BBB95}.AppStore|iPhone.Build.0 = Release|x86
		{73CC52B4-7A23-4A07-8BEA-55FE0C3BBB95}.AppStore|iPhone.Deploy.0 = Release|x86
		{73CC52B4-7A23-4A07-8BEA-55FE0C3BBB95}.AppStore|iPhoneSimulator.ActiveCfg = Release|x86
		{73CC52B4-7A23-4A07-8BEA-55FE0C3BBB95}.AppStore|iPhoneSimulator.Build.0 = Release|x86
		{73CC52B4-7A23-4A07-8BEA-55FE0C3BBB95}.AppStore|iPhoneSimulator.Deploy.0 = Release|x86
		{73CC52B4-7A23-4A07-8BEA-55FE0C3BBB95}.AppStore|x64.ActiveCfg = Release|x64
		{73CC52B4-7A23-4A07-8BEA-55FE0C3BBB95}.AppStore|x64.Build.0 = Release|x64
		{73CC52B4-7A23-4A07-8BEA-55FE0C3BBB95}.AppStore|x64.Deploy.0 = Release|x64
		{73CC52B4-7A23-4A07-8BEA-55FE0C3BBB95}.AppStore|x86.ActiveCfg = Release|x86
		{73CC52B4-7A23-4A07-8BEA-55FE0C3BBB95}.AppStore|x86.Build.0 = Release|x86
		{73CC52B4-7A23-4A07-8BEA-55FE0C3BBB95}.AppStore|x86.Deploy.0 = Release|x86
		{73CC52B4-7A23-4A07-8BEA-55FE0C3BBB95}.Debug|Any CPU.ActiveCfg = Debug|x86
		{73CC52B4-7A23-4A07-8BEA-55FE0C3BBB95}.Debug|ARM.ActiveCfg = Debug|ARM
		{73CC52B4-7A23-4A07-8BEA-55FE0C3BBB95}.Debug|ARM.Build.0 = Debug|ARM
		{73CC52B4-7A23-4A07-8BEA-55FE0C3BBB95}.Debug|ARM.Deploy.0 = Debug|ARM
		{73CC52B4-7A23-4A07-8BEA-55FE0C3BBB95}.Debug|iPhone.ActiveCfg = Debug|x86
		{73CC52B4-7A23-4A07-8BEA-55FE0C3BBB95}.Debug|iPhoneSimulator.ActiveCfg = Debug|x86
		{73CC52B4-7A23-4A07-8BEA-55FE0C3BBB95}.Debug|x64.ActiveCfg = Debug|x64
		{73CC52B4-7A23-4A07-8BEA-55FE0C3BBB95}.Debug|x64.Build.0 = Debug|x64
		{73CC52B4-7A23-4A07-8BEA-55FE0C3BBB95}.Debug|x64.Deploy.0 = Debug|x64
		{73CC52B4-7A23-4A07-8BEA-55FE0C3BBB95}.Debug|x86.ActiveCfg = Debug|x86
		{73CC52B4-7A23-4A07-8BEA-55FE0C3BBB95}.Debug|x86.Build.0 = Debug|x86
		{73CC52B4-7A23-4A07-8BEA-55FE0C3BBB95}.Debug|x86.Deploy.0 = Debug|x86
		{73CC52B4-7A23-4A07-8BEA-55FE0C3BBB95}.Release|Any CPU.ActiveCfg = Release|x86
		{73CC52B4-7A23-4A07-8BEA-55FE0C3BBB95}.Release|ARM.ActiveCfg = Release|ARM
		{73CC52B4-7A23-4A07-8BEA-55FE0C3BBB95}.Release|ARM.Build.0 = Release|ARM
		{73CC52B4-7A23-4A07-8BEA-55FE0C3BBB95}.Release|ARM.Deploy.0 = Release|ARM
		{73CC52B4-7A23-4A07-8BEA-55FE0C3BBB95}.Release|iPhone.ActiveCfg = Release|x86
		{73CC52B4-7A23-4A07-8BEA-55FE0C3BBB95}.Release|iPhoneSimulator.ActiveCfg = Release|x86
		{73CC52B4-7A23-4A07-8BEA-55FE0C3BBB95}.Release|x64.ActiveCfg = Release|x64
		{73CC52B4-7A23-4A07-8BEA-55FE0C3BBB95}.Release|x64.Build.0 = Release|x64
		{73CC52B4-7A23-4A07-8BEA-55FE0C3BBB95}.Release|x64.Deploy.0 = Release|x64
		{73CC52B4-7A23-4A07-8BEA-55FE0C3BBB95}.Release|x86.ActiveCfg = Release|x86
		{73CC52B4-7A23-4A07-8BEA-55FE0C3BBB95}.Release|x86.Build.0 = Release|x86
		{73CC52B4-7A23-4A07-8BEA-55FE0C3BBB95}.Release|x86.Deploy.0 = Release|x86
		{62FED93C-4B56-449D-AE6E-872F0DCC4244}.Ad-Hoc|Any CPU.ActiveCfg = Debug|Any CPU
		{62FED93C-4B56-449D-AE6E-872F0DCC4244}.Ad-Hoc|Any CPU.Build.0 = Debug|Any CPU
		{62FED93C-4B56-449D-AE6E-872F0DCC4244}.Ad-Hoc|ARM.ActiveCfg = Debug|Any CPU
		{62FED93C-4B56-449D-AE6E-872F0DCC4244}.Ad-Hoc|ARM.Build.0 = Debug|Any CPU
		{62FED93C-4B56-449D-AE6E-872F0DCC4244}.Ad-Hoc|iPhone.ActiveCfg = Debug|Any CPU
		{62FED93C-4B56-449D-AE6E-872F0DCC4244}.Ad-Hoc|iPhone.Build.0 = Debug|Any CPU
		{62FED93C-4B56-449D-AE6E-872F0DCC4244}.Ad-Hoc|iPhoneSimulator.ActiveCfg = Debug|Any CPU
		{62FED93C-4B56-449D-AE6E-872F0DCC4244}.Ad-Hoc|iPhoneSimulator.Build.0 = Debug|Any CPU
		{62FED93C-4B56-449D-AE6E-872F0DCC4244}.Ad-Hoc|x64.ActiveCfg = Debug|Any CPU
		{62FED93C-4B56-449D-AE6E-872F0DCC4244}.Ad-Hoc|x64.Build.0 = Debug|Any CPU
		{62FED93C-4B56-449D-AE6E-872F0DCC4244}.Ad-Hoc|x86.ActiveCfg = Debug|Any CPU
		{62FED93C-4B56-449D-AE6E-872F0DCC4244}.Ad-Hoc|x86.Build.0 = Debug|Any CPU
		{62FED93C-4B56-449D-AE6E-872F0DCC4244}.AppStore|Any CPU.ActiveCfg = Debug|Any CPU
		{62FED93C-4B56-449D-AE6E-872F0DCC4244}.AppStore|Any CPU.Build.0 = Debug|Any CPU
		{62FED93C-4B56-449D-AE6E-872F0DCC4244}.AppStore|ARM.ActiveCfg = Debug|Any CPU
		{62FED93C-4B56-449D-AE6E-872F0DCC4244}.AppStore|ARM.Build.0 = Debug|Any CPU
		{62FED93C-4B56-449D-AE6E-872F0DCC4244}.AppStore|iPhone.ActiveCfg = Debug|Any CPU
		{62FED93C-4B56-449D-AE6E-872F0DCC4244}.AppStore|iPhone.Build.0 = Debug|Any CPU
		{62FED93C-4B56-449D-AE6E-872F0DCC4244}.AppStore|iPhoneSimulator.ActiveCfg = Debug|Any CPU
		{62FED93C-4B56-449D-AE6E-872F0DCC4244}.AppStore|iPhoneSimulator.Build.0 = Debug|Any CPU
		{62FED93C-4B56-449D-AE6E-872F0DCC4244}.AppStore|x64.ActiveCfg = Debug|Any CPU
		{62FED93C-4B56-449D-AE6E-872F0DCC4244}.AppStore|x64.Build.0 = Debug|Any CPU
		{62FED93C-4B56-449D-AE6E-872F0DCC4244}.AppStore|x86.ActiveCfg = Debug|Any CPU
		{62FED93C-4B56-449D-AE6E-872F0DCC4244}.AppStore|x86.Build.0 = Debug|Any CPU
		{62FED93C-4B56-449D-AE6E-872F0DCC4244}.Debug|Any CPU.ActiveCfg = Debug|Any CPU
		{62FED93C-4B56-449D-AE6E-872F0DCC4244}.Debug|Any CPU.Build.0 = Debug|Any CPU
		{62FED93C-4B56-449D-AE6E-872F0DCC4244}.Debug|ARM.ActiveCfg = Debug|Any CPU
		{62FED93C-4B56-449D-AE6E-872F0DCC4244}.Debug|ARM.Build.0 = Debug|Any CPU
		{62FED93C-4B56-449D-AE6E-872F0DCC4244}.Debug|iPhone.ActiveCfg = Debug|Any CPU
		{62FED93C-4B56-449D-AE6E-872F0DCC4244}.Debug|iPhone.Build.0 = Debug|Any CPU
		{62FED93C-4B56-449D-AE6E-872F0DCC4244}.Debug|iPhoneSimulator.ActiveCfg = Debug|Any CPU
		{62FED93C-4B56-449D-AE6E-872F0DCC4244}.Debug|iPhoneSimulator.Build.0 = Debug|Any CPU
		{62FED93C-4B56-449D-AE6E-872F0DCC4244}.Debug|x64.ActiveCfg = Debug|Any CPU
		{62FED93C-4B56-449D-AE6E-872F0DCC4244}.Debug|x64.Build.0 = Debug|Any CPU
		{62FED93C-4B56-449D-AE6E-872F0DCC4244}.Debug|x86.ActiveCfg = Debug|Any CPU
		{62FED93C-4B56-449D-AE6E-872F0DCC4244}.Debug|x86.Build.0 = Debug|Any CPU
		{62FED93C-4B56-449D-AE6E-872F0DCC4244}.Release|Any CPU.ActiveCfg = Release|Any CPU
		{62FED93C-4B56-449D-AE6E-872F0DCC4244}.Release|Any CPU.Build.0 = Release|Any CPU
		{62FED93C-4B56-449D-AE6E-872F0DCC4244}.Release|ARM.ActiveCfg = Release|Any CPU
		{62FED93C-4B56-449D-AE6E-872F0DCC4244}.Release|ARM.Build.0 = Release|Any CPU
		{62FED93C-4B56-449D-AE6E-872F0DCC4244}.Release|iPhone.ActiveCfg = Release|Any CPU
		{62FED93C-4B56-449D-AE6E-872F0DCC4244}.Release|iPhone.Build.0 = Release|Any CPU
		{62FED93C-4B56-449D-AE6E-872F0DCC4244}.Release|iPhoneSimulator.ActiveCfg = Release|Any CPU
		{62FED93C-4B56-449D-AE6E-872F0DCC4244}.Release|iPhoneSimulator.Build.0 = Release|Any CPU
		{62FED93C-4B56-449D-AE6E-872F0DCC4244}.Release|x64.ActiveCfg = Release|Any CPU
		{62FED93C-4B56-449D-AE6E-872F0DCC4244}.Release|x64.Build.0 = Release|Any CPU
		{62FED93C-4B56-449D-AE6E-872F0DCC4244}.Release|x86.ActiveCfg = Release|Any CPU
		{62FED93C-4B56-449D-AE6E-872F0DCC4244}.Release|x86.Build.0 = Release|Any CPU
	EndGlobalSection
	GlobalSection(SolutionProperties) = preSolution
		HideSolutionNode = FALSE
	EndGlobalSection
	GlobalSection(ExtensibilityGlobals) = postSolution
		SolutionGuid = {B0FFB2C6-94BF-4F79-B50B-4DD22B5F51DF}
	EndGlobalSection
EndGlobal
